
Microsoft Visual Studio Solution File, Format Version 12.00
# Visual Studio Version 16
VisualStudioVersion = 16.0.30907.101
MinimumVisualStudioVersion = 10.0.40219.1
Project("{FAE04EC0-301F-11D3-BF4B-00C04F79EFBC}") = "LabaChM8_new", "LabaChM8_new\LabaChM8_new.csproj", "{308CE93E-6D8D-4E82-9AA2-83BD46305CC3}"
EndProject
Project("{FAE04EC0-301F-11D3-BF4B-00C04F79EFBC}") = "LabaChM8Library", "LabaChM8Library\LabaChM8Library.csproj", "{EC7F3C8B-CDF9-4F51-8681-EA53C5518629}"
EndProject
Global
	GlobalSection(SolutionConfigurationPlatforms) = preSolution
		Debug|Any CPU = Debug|Any CPU
		Release|Any CPU = Release|Any CPU
	EndGlobalSection
	GlobalSection(ProjectConfigurationPlatforms) = postSolution
		{308CE93E-6D8D-4E82-9AA2-83BD46305CC3}.Debug|Any CPU.ActiveCfg = Debug|Any CPU
		{308CE93E-6D8D-4E82-9AA2-83BD46305CC3}.Debug|Any CPU.Build.0 = Debug|Any CPU
		{308CE93E-6D8D-4E82-9AA2-83BD46305CC3}.Release|Any CPU.ActiveCfg = Release|Any CPU
		{308CE93E-6D8D-4E82-9AA2-83BD46305CC3}.Release|Any CPU.Build.0 = Release|Any CPU
		{EC7F3C8B-CDF9-4F51-8681-EA53C5518629}.Debug|Any CPU.ActiveCfg = Debug|Any CPU
		{EC7F3C8B-CDF9-4F51-8681-EA53C5518629}.Debug|Any CPU.Build.0 = Debug|Any CPU
		{EC7F3C8B-CDF9-4F51-8681-EA53C5518629}.Release|Any CPU.ActiveCfg = Release|Any CPU
		{EC7F3C8B-CDF9-4F51-8681-EA53C5518629}.Release|Any CPU.Build.0 = Release|Any CPU
	EndGlobalSection
	GlobalSection(SolutionProperties) = preSolution
		HideSolutionNode = FALSE
	EndGlobalSection
	GlobalSection(ExtensibilityGlobals) = postSolution
		SolutionGuid = {2E8B47D1-4AD6-4E95-AACC-B335CA459FDE}
	EndGlobalSection
EndGlobal
